github.com/KKKZOZ/hugo-admonitions v0.8.0 h1:eZfVhwvbfjVIvLc1zmTlOOOr2bTpR/WA9KXaKHaq5ok=
github.com/KKKZOZ/hugo-admonitions v0.8.0/go.mod h1:4PsJAsqo3mS3VzAtDLa8k0ds+CJQUWZhAo9kLi1NRlM=
github.com/jgazeau/shadocs v0.0.0-20250309183032-b57bab22b6a8 h1:1WA2FpPENbfl0A4U/Ue1vZfjf51xEaHgg7dTX79Ud0U=
github.com/jgazeau/shadocs v0.0.0-20250309183032-b57bab22b6a8/go.mod h1:aDw35pU2VTRx58OCEv6fZtAaYG/9w1qlaBjWgDZsfjo=
github.com/school-of-decima/gotools v0.0.0-20250715223053-397bf9c5ad51 h1:siq5PgjCs8V+dz2ObDalzjhijuCBTsjulBv9GbdDim8=
github.com/school-of-decima/gotools v0.0.0-20250715223053-397bf9c5ad51/go.mod h1:nvvfEDYO4YgdI91BeAVxbqvOGX6id+TLsqaNcwc9qyQ=
